
Microsoft Visual Studio Solution File, Format Version 12.00
# Visual Studio Version 17
VisualStudioVersion = 17.14.36414.22
MinimumVisualStudioVersion = 10.0.40219.1
Project("{2150E333-8FDC-42A3-9474-1A3956D46DE8}") = "Task0", "Task0", "{02EA681E-C7D8-13C7-8484-4AC65E1B71E8}"
EndProject
Project("{FAE04EC0-301F-11D3-BF4B-00C04F79EFBC}") = "Tyuiu.PavlovaVV.Sprint3.Task0.V24", "Tyuiu.PavlovaVV.Sprint3.Task0.V24\Tyuiu.PavlovaVV.Sprint3.Task0.V24.csproj", "{101B7015-CE7E-4E66-89E5-374097421A20}"
EndProject
Project("{FAE04EC0-301F-11D3-BF4B-00C04F79EFBC}") = "Tyuiu.PavlovaVV.Sprint3.Task0.V24.Lib", "Tyuiu.PavlovaVV.Sprint3.Task0.V24.Lib\Tyuiu.PavlovaVV.Sprint3.Task0.V24.Lib.csproj", "{758576E1-87D3-4EA2-8157-6A6D64856EC8}"
EndProject
Project("{FAE04EC0-301F-11D3-BF4B-00C04F79EFBC}") = "Tyuiu.PavlovaVV.Sprint3.Task0.V24.Test", "Tyuiu.PavlovaVV.Sprint3.Task0.V24.Test\Tyuiu.PavlovaVV.Sprint3.Task0.V24.Test.csproj", "{29005BE9-2318-413F-AFC0-9B377532D426}"
EndProject
Project("{2150E333-8FDC-42A3-9474-1A3956D46DE8}") = "Task1", "Task1", "{0CF9AD35-306D-4902-BF35-DEE0475DE54E}"
EndProject
Project("{FAE04EC0-301F-11D3-BF4B-00C04F79EFBC}") = "Tyuiu.PavlovaVV.Sprint3.Task1.V17", "Tyuiu.PavlovaVV.Sprint3.Task1.V17\Tyuiu.PavlovaVV.Sprint3.Task1.V17.csproj", "{25DEC5D6-E969-477D-B4DE-20420F2E6A20}"
EndProject
Project("{FAE04EC0-301F-11D3-BF4B-00C04F79EFBC}") = "Tyuiu.PavlovaVV.Sprint3.Task1.V17.Lib", "Tyuiu.PavlovaVV.Sprint3.Task1.V17.Lib\Tyuiu.PavlovaVV.Sprint3.Task1.V17.Lib.csproj", "{6BCB82D3-19E9-4241-8164-F90A59D2E3B6}"
EndProject
Project("{FAE04EC0-301F-11D3-BF4B-00C04F79EFBC}") = "Tyuiu.PavlovaVV.Sprint3.Task1.V17.Test", "Tyuiu.PavlovaVV.Sprint3.Task1.V17.Test\Tyuiu.PavlovaVV.Sprint3.Task1.V17.Test.csproj", "{81BDAED7-BFBA-47A2-98B6-D331CE2504B1}"
EndProject
Project("{2150E333-8FDC-42A3-9474-1A3956D46DE8}") = "Task2", "Task2", "{D7A1AE2B-8E00-49A8-985F-D5C9747B8795}"
EndProject
Project("{FAE04EC0-301F-11D3-BF4B-00C04F79EFBC}") = "Tyuiu.PavlovaVV.Sprint3.Task2.V27", "Tyuiu.PavlovaVV.Sprint3.Task2.V27\Tyuiu.PavlovaVV.Sprint3.Task2.V27.csproj", "{BB3E2A18-3692-4C20-B691-391D999950EA}"
EndProject
Project("{FAE04EC0-301F-11D3-BF4B-00C04F79EFBC}") = "Tyuiu.PavlovaVV.Sprint3.Task2.V27.Lib", "Tyuiu.PavlovaVV.Sprint3.Task2.V27.Lib\Tyuiu.PavlovaVV.Sprint3.Task2.V27.Lib.csproj", "{51715C5A-3DB1-4DDB-8FC4-A1189754F445}"
EndProject
Project("{FAE04EC0-301F-11D3-BF4B-00C04F79EFBC}") = "Tyuiu.PavlovaVV.Sprint3.Task2.V27.Test", "Tyuiu.PavlovaVV.Sprint3.Task2.V27.Test\Tyuiu.PavlovaVV.Sprint3.Task2.V27.Test.csproj", "{20EF803C-8FB1-427B-9A3B-DFA2F76DBC85}"
EndProject
Project("{2150E333-8FDC-42A3-9474-1A3956D46DE8}") = "Task4", "Task4", "{EAF8B994-5D04-4279-952D-D2DBFEF78727}"
EndProject
Project("{FAE04EC0-301F-11D3-BF4B-00C04F79EFBC}") = "Tyuiu.PavlovaVV.Sprint3.Task4.V16", "Tyuiu.PavlovaVV.Sprint3.Task4.V16\Tyuiu.PavlovaVV.Sprint3.Task4.V16.csproj", "{F8EE59E9-16A0-4972-A077-E525D65B9E9B}"
EndProject
Project("{FAE04EC0-301F-11D3-BF4B-00C04F79EFBC}") = "Tyuiu.PavlovaVV.Sprint3.Task4.V16.Lib", "Tyuiu.PavlovaVV.Sprint3.Task4.V16.Lib\Tyuiu.PavlovaVV.Sprint3.Task4.V16.Lib.csproj", "{3DA83D6E-9ECF-4FC6-882C-A19B19792705}"
EndProject
Project("{FAE04EC0-301F-11D3-BF4B-00C04F79EFBC}") = "Tyuiu.PavlovaVV.Sprint3.Task4.V16.Test", "Tyuiu.PavlovaVV.Sprint3.Task4.V16.Test\Tyuiu.PavlovaVV.Sprint3.Task4.V16.Test.csproj", "{B5CEE08C-01D1-4283-B497-046725DF1825}"
EndProject
Project("{2150E333-8FDC-42A3-9474-1A3956D46DE8}") = "Task3", "Task3", "{E1BC6242-6101-45E2-B459-E56834F0F4ED}"
EndProject
Project("{FAE04EC0-301F-11D3-BF4B-00C04F79EFBC}") = "Tyuiu.PavlovaVV.Sprint3.Task3.V1", "Tyuiu.PavlovaVV.Sprint3.Task3.V1\Tyuiu.PavlovaVV.Sprint3.Task3.V1.csproj", "{3132E59E-2695-483E-A2C6-4FACD2AC77DF}"
EndProject
Project("{FAE04EC0-301F-11D3-BF4B-00C04F79EFBC}") = "Tyuiu.PavlovaVV.Sprint3.Task3.V1.Lib", "Tyuiu.PavlovaVV.Sprint3.Task3.V1.Lib\Tyuiu.PavlovaVV.Sprint3.Task3.V1.Lib.csproj", "{B2B6FB90-5FA2-4B8C-AC37-AB68BA32925B}"
EndProject
Project("{FAE04EC0-301F-11D3-BF4B-00C04F79EFBC}") = "Tyuiu.PavlovaVV.Sprint3.Task3.V1.Test", "Tyuiu.PavlovaVV.Sprint3.Task3.V1.Test\Tyuiu.PavlovaVV.Sprint3.Task3.V1.Test.csproj", "{D1E55EC1-6A26-48B2-B0E3-CDA1D0F7CF5E}"
EndProject
Project("{2150E333-8FDC-42A3-9474-1A3956D46DE8}") = "Task5", "Task5", "{52604F0D-4849-4007-8795-AEFF22C98B17}"
EndProject
Project("{FAE04EC0-301F-11D3-BF4B-00C04F79EFBC}") = "Tyuiu.PavlovaVV.Sprint3.Task5.V20", "Tyuiu.PavlovaVV.Sprint3.Task5.V20\Tyuiu.PavlovaVV.Sprint3.Task5.V20.csproj", "{B5182D8D-7687-4D43-BD55-82DD6B858713}"
EndProject
Project("{FAE04EC0-301F-11D3-BF4B-00C04F79EFBC}") = "Tyuiu.PavlovaVV.Sprint3.Task5.V20.Lib", "Tyuiu.PavlovaVV.Sprint3.Task5.V20.Lib\Tyuiu.PavlovaVV.Sprint3.Task5.V20.Lib.csproj", "{C66B068B-2888-48B0-8C44-BA33E95EF4F2}"
EndProject
Project("{FAE04EC0-301F-11D3-BF4B-00C04F79EFBC}") = "Tyuiu.PavlovaVV.Sprint3.Task5.V20.Test", "Tyuiu.PavlovaVV.Sprint3.Task5.V20.Test\Tyuiu.PavlovaVV.Sprint3.Task5.V20.Test.csproj", "{5D10AC8B-FECD-41BB-8EB7-6E5159BD7187}"
EndProject
Project("{2150E333-8FDC-42A3-9474-1A3956D46DE8}") = "Task6", "Task6", "{049046D0-0E1B-488A-B827-1B6513719D67}"
EndProject
Project("{FAE04EC0-301F-11D3-BF4B-00C04F79EFBC}") = "Tyuiu.PavlovaVV.Sprint3.Task6.V17", "Tyuiu.PavlovaVV.Sprint3.Task6.V17\Tyuiu.PavlovaVV.Sprint3.Task6.V17.csproj", "{4C668193-36DE-49FE-A781-A71906B4A15A}"
EndProject
Project("{FAE04EC0-301F-11D3-BF4B-00C04F79EFBC}") = "Tyuiu.PavlovaVV.Sprint3.Task6.V17.Lib", "Tyuiu.PavlovaVV.Sprint3.Task6.V17.Lib\Tyuiu.PavlovaVV.Sprint3.Task6.V17.Lib.csproj", "{7408731D-7B0F-4445-BAB7-E6E9263B9E48}"
EndProject
Project("{FAE04EC0-301F-11D3-BF4B-00C04F79EFBC}") = "Tyuiu.PavlovaVV.Sprint3.Task6.V17.Test", "Tyuiu.PavlovaVV.Sprint3.Task6.V17.Test\Tyuiu.PavlovaVV.Sprint3.Task6.V17.Test.csproj", "{75C6E846-2C5B-4699-866C-BC64B2CB7578}"
EndProject
Project("{2150E333-8FDC-42A3-9474-1A3956D46DE8}") = "Task7", "Task7", "{458A1AF0-C750-4ADE-8502-6527896EA729}"
EndProject
Project("{FAE04EC0-301F-11D3-BF4B-00C04F79EFBC}") = "Tyuiu.PavlovaVV.Sprint3.Task7.V29", "Tyuiu.PavlovaVV.Sprint3.Task7.V29\Tyuiu.PavlovaVV.Sprint3.Task7.V29.csproj", "{FB07D6CB-24B6-45FE-8843-808251512691}"
EndProject
Project("{FAE04EC0-301F-11D3-BF4B-00C04F79EFBC}") = "Tyuiu.PavlovaVV.Sprint3.Task7.V29.Lib", "Tyuiu.PavlovaVV.Sprint3.Task7.V29.Lib\Tyuiu.PavlovaVV.Sprint3.Task7.V29.Lib.csproj", "{91097CF2-1F7D-45C3-AB29-82EF9EEF23D5}"
EndProject
Project("{FAE04EC0-301F-11D3-BF4B-00C04F79EFBC}") = "Tyuiu.PavlovaVV.Sprint3.Task7.V29.Test", "Tyuiu.PavlovaVV.Sprint3.Task7.V29.Test\Tyuiu.PavlovaVV.Sprint3.Task7.V29.Test.csproj", "{CEB2D532-B269-4F0A-9A5E-CFFB8BBA78F9}"
EndProject
Global
	GlobalSection(SolutionConfigurationPlatforms) = preSolution
		Debug|Any CPU = Debug|Any CPU
		Release|Any CPU = Release|Any CPU
	EndGlobalSection
	GlobalSection(ProjectConfigurationPlatforms) = postSolution
		{101B7015-CE7E-4E66-89E5-374097421A20}.Debug|Any CPU.ActiveCfg = Debug|Any CPU
		{101B7015-CE7E-4E66-89E5-374097421A20}.Debug|Any CPU.Build.0 = Debug|Any CPU
		{101B7015-CE7E-4E66-89E5-374097421A20}.Release|Any CPU.ActiveCfg = Release|Any CPU
		{101B7015-CE7E-4E66-89E5-374097421A20}.Release|Any CPU.Build.0 = Release|Any CPU
		{758576E1-87D3-4EA2-8157-6A6D64856EC8}.Debug|Any CPU.ActiveCfg = Debug|Any CPU
		{758576E1-87D3-4EA2-8157-6A6D64856EC8}.Debug|Any CPU.Build.0 = Debug|Any CPU
		{758576E1-87D3-4EA2-8157-6A6D64856EC8}.Release|Any CPU.ActiveCfg = Release|Any CPU
		{758576E1-87D3-4EA2-8157-6A6D64856EC8}.Release|Any CPU.Build.0 = Release|Any CPU
		{29005BE9-2318-413F-AFC0-9B377532D426}.Debug|Any CPU.ActiveCfg = Debug|Any CPU
		{29005BE9-2318-413F-AFC0-9B377532D426}.Debug|Any CPU.Build.0 = Debug|Any CPU
		{29005BE9-2318-413F-AFC0-9B377532D426}.Release|Any CPU.ActiveCfg = Release|Any CPU
		{29005BE9-2318-413F-AFC0-9B377532D426}.Release|Any CPU.Build.0 = Release|Any CPU
		{25DEC5D6-E969-477D-B4DE-20420F2E6A20}.Debug|Any CPU.ActiveCfg = Debug|Any CPU
		{25DEC5D6-E969-477D-B4DE-20420F2E6A20}.Debug|Any CPU.Build.0 = Debug|Any CPU
		{25DEC5D6-E969-477D-B4DE-20420F2E6A20}.Release|Any CPU.ActiveCfg = Release|Any CPU
		{25DEC5D6-E969-477D-B4DE-20420F2E6A20}.Release|Any CPU.Build.0 = Release|Any CPU
		{6BCB82D3-19E9-4241-8164-F90A59D2E3B6}.Debug|Any CPU.ActiveCfg = Debug|Any CPU
		{6BCB82D3-19E9-4241-8164-F90A59D2E3B6}.Debug|Any CPU.Build.0 = Debug|Any CPU
		{6BCB82D3-19E9-4241-8164-F90A59D2E3B6}.Release|Any CPU.ActiveCfg = Release|Any CPU
		{6BCB82D3-19E9-4241-8164-F90A59D2E3B6}.Release|Any CPU.Build.0 = Release|Any CPU
		{81BDAED7-BFBA-47A2-98B6-D331CE2504B1}.Debug|Any CPU.ActiveCfg = Debug|Any CPU
		{81BDAED7-BFBA-47A2-98B6-D331CE2504B1}.Debug|Any CPU.Build.0 = Debug|Any CPU
		{81BDAED7-BFBA-47A2-98B6-D331CE2504B1}.Release|Any CPU.ActiveCfg = Release|Any CPU
		{81BDAED7-BFBA-47A2-98B6-D331CE2504B1}.Release|Any CPU.Build.0 = Release|Any CPU
		{BB3E2A18-3692-4C20-B691-391D999950EA}.Debug|Any CPU.ActiveCfg = Debug|Any CPU
		{BB3E2A18-3692-4C20-B691-391D999950EA}.Debug|Any CPU.Build.0 = Debug|Any CPU
		{BB3E2A18-3692-4C20-B691-391D999950EA}.Release|Any CPU.ActiveCfg = Release|Any CPU
		{BB3E2A18-3692-4C20-B691-391D999950EA}.Release|Any CPU.Build.0 = Release|Any CPU
		{51715C5A-3DB1-4DDB-8FC4-A1189754F445}.Debug|Any CPU.ActiveCfg = Debug|Any CPU
		{51715C5A-3DB1-4DDB-8FC4-A1189754F445}.Debug|Any CPU.Build.0 = Debug|Any CPU
		{51715C5A-3DB1-4DDB-8FC4-A1189754F445}.Release|Any CPU.ActiveCfg = Release|Any CPU
		{51715C5A-3DB1-4DDB-8FC4-A1189754F445}.Release|Any CPU.Build.0 = Release|Any CPU
		{20EF803C-8FB1-427B-9A3B-DFA2F76DBC85}.Debug|Any CPU.ActiveCfg = Debug|Any CPU
		{20EF803C-8FB1-427B-9A3B-DFA2F76DBC85}.Debug|Any CPU.Build.0 = Debug|Any CPU
		{20EF803C-8FB1-427B-9A3B-DFA2F76DBC85}.Release|Any CPU.ActiveCfg = Release|Any CPU
		{20EF803C-8FB1-427B-9A3B-DFA2F76DBC85}.Release|Any CPU.Build.0 = Release|Any CPU
		{F8EE59E9-16A0-4972-A077-E525D65B9E9B}.Debug|Any CPU.ActiveCfg = Debug|Any CPU
		{F8EE59E9-16A0-4972-A077-E525D65B9E9B}.Debug|Any CPU.Build.0 = Debug|Any CPU
		{F8EE59E9-16A0-4972-A077-E525D65B9E9B}.Release|Any CPU.ActiveCfg = Release|Any CPU
		{F8EE59E9-16A0-4972-A077-E525D65B9E9B}.Release|Any CPU.Build.0 = Release|Any CPU
		{3DA83D6E-9ECF-4FC6-882C-A19B19792705}.Debug|Any CPU.ActiveCfg = Debug|Any CPU
		{3DA83D6E-9ECF-4FC6-882C-A19B19792705}.Debug|Any CPU.Build.0 = Debug|Any CPU
		{3DA83D6E-9ECF-4FC6-882C-A19B19792705}.Release|Any CPU.ActiveCfg = Release|Any CPU
		{3DA83D6E-9ECF-4FC6-882C-A19B19792705}.Release|Any CPU.Build.0 = Release|Any CPU
		{B5CEE08C-01D1-4283-B497-046725DF1825}.Debug|Any CPU.ActiveCfg = Debug|Any CPU
		{B5CEE08C-01D1-4283-B497-046725DF1825}.Debug|Any CPU.Build.0 = Debug|Any CPU
		{B5CEE08C-01D1-4283-B497-046725DF1825}.Release|Any CPU.ActiveCfg = Release|Any CPU
		{B5CEE08C-01D1-4283-B497-046725DF1825}.Release|Any CPU.Build.0 = Release|Any CPU
		{3132E59E-2695-483E-A2C6-4FACD2AC77DF}.Debug|Any CPU.ActiveCfg = Debug|Any CPU
		{3132E59E-2695-483E-A2C6-4FACD2AC77DF}.Debug|Any CPU.Build.0 = Debug|Any CPU
		{3132E59E-2695-483E-A2C6-4FACD2AC77DF}.Release|Any CPU.ActiveCfg = Release|Any CPU
		{3132E59E-2695-483E-A2C6-4FACD2AC77DF}.Release|Any CPU.Build.0 = Release|Any CPU
		{B2B6FB90-5FA2-4B8C-AC37-AB68BA32925B}.Debug|Any CPU.ActiveCfg = Debug|Any CPU
		{B2B6FB90-5FA2-4B8C-AC37-AB68BA32925B}.Debug|Any CPU.Build.0 = Debug|Any CPU
		{B2B6FB90-5FA2-4B8C-AC37-AB68BA32925B}.Release|Any CPU.ActiveCfg = Release|Any CPU
		{B2B6FB90-5FA2-4B8C-AC37-AB68BA32925B}.Release|Any CPU.Build.0 = Release|Any CPU
		{D1E55EC1-6A26-48B2-B0E3-CDA1D0F7CF5E}.Debug|Any CPU.ActiveCfg = Debug|Any CPU
		{D1E55EC1-6A26-48B2-B0E3-CDA1D0F7CF5E}.Debug|Any CPU.Build.0 = Debug|Any CPU
		{D1E55EC1-6A26-48B2-B0E3-CDA1D0F7CF5E}.Release|Any CPU.ActiveCfg = Release|Any CPU
		{D1E55EC1-6A26-48B2-B0E3-CDA1D0F7CF5E}.Release|Any CPU.Build.0 = Release|Any CPU
		{B5182D8D-7687-4D43-BD55-82DD6B858713}.Debug|Any CPU.ActiveCfg = Debug|Any CPU
		{B5182D8D-7687-4D43-BD55-82DD6B858713}.Debug|Any CPU.Build.0 = Debug|Any CPU
		{B5182D8D-7687-4D43-BD55-82DD6B858713}.Release|Any CPU.ActiveCfg = Release|Any CPU
		{B5182D8D-7687-4D43-BD55-82DD6B858713}.Release|Any CPU.Build.0 = Release|Any CPU
		{C66B068B-2888-48B0-8C44-BA33E95EF4F2}.Debug|Any CPU.ActiveCfg = Debug|Any CPU
		{C66B068B-2888-48B0-8C44-BA33E95EF4F2}.Debug|Any CPU.Build.0 = Debug|Any CPU
		{C66B068B-2888-48B0-8C44-BA33E95EF4F2}.Release|Any CPU.ActiveCfg = Release|Any CPU
		{C66B068B-2888-48B0-8C44-BA33E95EF4F2}.Release|Any CPU.Build.0 = Release|Any CPU
		{5D10AC8B-FECD-41BB-8EB7-6E5159BD7187}.Debug|Any CPU.ActiveCfg = Debug|Any CPU
		{5D10AC8B-FECD-41BB-8EB7-6E5159BD7187}.Debug|Any CPU.Build.0 = Debug|Any CPU
		{5D10AC8B-FECD-41BB-8EB7-6E5159BD7187}.Release|Any CPU.ActiveCfg = Release|Any CPU
		{5D10AC8B-FECD-41BB-8EB7-6E5159BD7187}.Release|Any CPU.Build.0 = Release|Any CPU
		{4C668193-36DE-49FE-A781-A71906B4A15A}.Debug|Any CPU.ActiveCfg = Debug|Any CPU
		{4C668193-36DE-49FE-A781-A71906B4A15A}.Debug|Any CPU.Build.0 = Debug|Any CPU
		{4C668193-36DE-49FE-A781-A71906B4A15A}.Release|Any CPU.ActiveCfg = Release|Any CPU
		{4C668193-36DE-49FE-A781-A71906B4A15A}.Release|Any CPU.Build.0 = Release|Any CPU
		{7408731D-7B0F-4445-BAB7-E6E9263B9E48}.Debug|Any CPU.ActiveCfg = Debug|Any CPU
		{7408731D-7B0F-4445-BAB7-E6E9263B9E48}.Debug|Any CPU.Build.0 = Debug|Any CPU
		{7408731D-7B0F-4445-BAB7-E6E9263B9E48}.Release|Any CPU.ActiveCfg = Release|Any CPU
		{7408731D-7B0F-4445-BAB7-E6E9263B9E48}.Release|Any CPU.Build.0 = Release|Any CPU
		{75C6E846-2C5B-4699-866C-BC64B2CB7578}.Debug|Any CPU.ActiveCfg = Debug|Any CPU
		{75C6E846-2C5B-4699-866C-BC64B2CB7578}.Debug|Any CPU.Build.0 = Debug|Any CPU
		{75C6E846-2C5B-4699-866C-BC64B2CB7578}.Release|Any CPU.ActiveCfg = Release|Any CPU
		{75C6E846-2C5B-4699-866C-BC64B2CB7578}.Release|Any CPU.Build.0 = Release|Any CPU
		{FB07D6CB-24B6-45FE-8843-808251512691}.Debug|Any CPU.ActiveCfg = Debug|Any CPU
		{FB07D6CB-24B6-45FE-8843-808251512691}.Debug|Any CPU.Build.0 = Debug|Any CPU
		{FB07D6CB-24B6-45FE-8843-808251512691}.Release|Any CPU.ActiveCfg = Release|Any CPU
		{FB07D6CB-24B6-45FE-8843-808251512691}.Release|Any CPU.Build.0 = Release|Any CPU
		{91097CF2-1F7D-45C3-AB29-82EF9EEF23D5}.Debug|Any CPU.ActiveCfg = Debug|Any CPU
		{91097CF2-1F7D-45C3-AB29-82EF9EEF23D5}.Debug|Any CPU.Build.0 = Debug|Any CPU
		{91097CF2-1F7D-45C3-AB29-82EF9EEF23D5}.Release|Any CPU.ActiveCfg = Release|Any CPU
		{91097CF2-1F7D-45C3-AB29-82EF9EEF23D5}.Release|Any CPU.Build.0 = Release|Any CPU
		{CEB2D532-B269-4F0A-9A5E-CFFB8BBA78F9}.Debug|Any CPU.ActiveCfg = Debug|Any CPU
		{CEB2D532-B269-4F0A-9A5E-CFFB8BBA78F9}.Debug|Any CPU.Build.0 = Debug|Any CPU
		{CEB2D532-B269-4F0A-9A5E-CFFB8BBA78F9}.Release|Any CPU.ActiveCfg = Release|Any CPU
		{CEB2D532-B269-4F0A-9A5E-CFFB8BBA78F9}.Release|Any CPU.Build.0 = Release|Any CPU
	EndGlobalSection
	GlobalSection(SolutionProperties) = preSolution
		HideSolutionNode = FALSE
	EndGlobalSection
	GlobalSection(NestedProjects) = preSolution
		{101B7015-CE7E-4E66-89E5-374097421A20} = {02EA681E-C7D8-13C7-8484-4AC65E1B71E8}
		{758576E1-87D3-4EA2-8157-6A6D64856EC8} = {02EA681E-C7D8-13C7-8484-4AC65E1B71E8}
		{29005BE9-2318-413F-AFC0-9B377532D426} = {02EA681E-C7D8-13C7-8484-4AC65E1B71E8}
		{25DEC5D6-E969-477D-B4DE-20420F2E6A20} = {0CF9AD35-306D-4902-BF35-DEE0475DE54E}
		{6BCB82D3-19E9-4241-8164-F90A59D2E3B6} = {0CF9AD35-306D-4902-BF35-DEE0475DE54E}
		{81BDAED7-BFBA-47A2-98B6-D331CE2504B1} = {0CF9AD35-306D-4902-BF35-DEE0475DE54E}
		{BB3E2A18-3692-4C20-B691-391D999950EA} = {D7A1AE2B-8E00-49A8-985F-D5C9747B8795}
		{51715C5A-3DB1-4DDB-8FC4-A1189754F445} = {D7A1AE2B-8E00-49A8-985F-D5C9747B8795}
		{20EF803C-8FB1-427B-9A3B-DFA2F76DBC85} = {D7A1AE2B-8E00-49A8-985F-D5C9747B8795}
		{F8EE59E9-16A0-4972-A077-E525D65B9E9B} = {EAF8B994-5D04-4279-952D-D2DBFEF78727}
		{3DA83D6E-9ECF-4FC6-882C-A19B19792705} = {EAF8B994-5D04-4279-952D-D2DBFEF78727}
		{B5CEE08C-01D1-4283-B497-046725DF1825} = {EAF8B994-5D04-4279-952D-D2DBFEF78727}
		{3132E59E-2695-483E-A2C6-4FACD2AC77DF} = {E1BC6242-6101-45E2-B459-E56834F0F4ED}
		{B2B6FB90-5FA2-4B8C-AC37-AB68BA32925B} = {E1BC6242-6101-45E2-B459-E56834F0F4ED}
		{D1E55EC1-6A26-48B2-B0E3-CDA1D0F7CF5E} = {E1BC6242-6101-45E2-B459-E56834F0F4ED}
		{B5182D8D-7687-4D43-BD55-82DD6B858713} = {52604F0D-4849-4007-8795-AEFF22C98B17}
		{C66B068B-2888-48B0-8C44-BA33E95EF4F2} = {52604F0D-4849-4007-8795-AEFF22C98B17}
		{5D10AC8B-FECD-41BB-8EB7-6E5159BD7187} = {52604F0D-4849-4007-8795-AEFF22C98B17}
		{4C668193-36DE-49FE-A781-A71906B4A15A} = {049046D0-0E1B-488A-B827-1B6513719D67}
		{7408731D-7B0F-4445-BAB7-E6E9263B9E48} = {049046D0-0E1B-488A-B827-1B6513719D67}
		{75C6E846-2C5B-4699-866C-BC64B2CB7578} = {049046D0-0E1B-488A-B827-1B6513719D67}
		{FB07D6CB-24B6-45FE-8843-808251512691} = {458A1AF0-C750-4ADE-8502-6527896EA729}
		{91097CF2-1F7D-45C3-AB29-82EF9EEF23D5} = {458A1AF0-C750-4ADE-8502-6527896EA729}
		{CEB2D532-B269-4F0A-9A5E-CFFB8BBA78F9} = {458A1AF0-C750-4ADE-8502-6527896EA729}
	EndGlobalSection
	GlobalSection(ExtensibilityGlobals) = postSolution
		SolutionGuid = {CFE5C6FB-4117-4D09-BC74-6DDAC8253BA9}
	EndGlobalSection
EndGlobal
