
Microsoft Visual Studio Solution File, Format Version 12.00
# Visual Studio Version 17
VisualStudioVersion = 17.14.36414.22 d17.14
MinimumVisualStudioVersion = 10.0.40219.1
Project("{2150E333-8FDC-42A3-9474-1A3956D46DE8}") = "Task0", "Task0", "{02EA681E-C7D8-13C7-8484-4AC65E1B71E8}"
EndProject
Project("{FAE04EC0-301F-11D3-BF4B-00C04F79EFBC}") = "Tyuiu.PavlovaVV.Sprint3.Task0.V24", "Tyuiu.PavlovaVV.Sprint3.Task0.V24\Tyuiu.PavlovaVV.Sprint3.Task0.V24.csproj", "{101B7015-CE7E-4E66-89E5-374097421A20}"
EndProject
Project("{FAE04EC0-301F-11D3-BF4B-00C04F79EFBC}") = "Tyuiu.PavlovaVV.Sprint3.Task0.V24.Lib", "Tyuiu.PavlovaVV.Sprint3.Task0.V24.Lib\Tyuiu.PavlovaVV.Sprint3.Task0.V24.Lib.csproj", "{758576E1-87D3-4EA2-8157-6A6D64856EC8}"
EndProject
Project("{FAE04EC0-301F-11D3-BF4B-00C04F79EFBC}") = "Tyuiu.PavlovaVV.Sprint3.Task0.V24.Test", "Tyuiu.PavlovaVV.Sprint3.Task0.V24.Test\Tyuiu.PavlovaVV.Sprint3.Task0.V24.Test.csproj", "{29005BE9-2318-413F-AFC0-9B377532D426}"
EndProject
Global
	GlobalSection(SolutionConfigurationPlatforms) = preSolution
		Debug|Any CPU = Debug|Any CPU
		Release|Any CPU = Release|Any CPU
	EndGlobalSection
	GlobalSection(ProjectConfigurationPlatforms) = postSolution
		{101B7015-CE7E-4E66-89E5-374097421A20}.Debug|Any CPU.ActiveCfg = Debug|Any CPU
		{101B7015-CE7E-4E66-89E5-374097421A20}.Debug|Any CPU.Build.0 = Debug|Any CPU
		{101B7015-CE7E-4E66-89E5-374097421A20}.Release|Any CPU.ActiveCfg = Release|Any CPU
		{101B7015-CE7E-4E66-89E5-374097421A20}.Release|Any CPU.Build.0 = Release|Any CPU
		{758576E1-87D3-4EA2-8157-6A6D64856EC8}.Debug|Any CPU.ActiveCfg = Debug|Any CPU
		{758576E1-87D3-4EA2-8157-6A6D64856EC8}.Debug|Any CPU.Build.0 = Debug|Any CPU
		{758576E1-87D3-4EA2-8157-6A6D64856EC8}.Release|Any CPU.ActiveCfg = Release|Any CPU
		{758576E1-87D3-4EA2-8157-6A6D64856EC8}.Release|Any CPU.Build.0 = Release|Any CPU
		{29005BE9-2318-413F-AFC0-9B377532D426}.Debug|Any CPU.ActiveCfg = Debug|Any CPU
		{29005BE9-2318-413F-AFC0-9B377532D426}.Debug|Any CPU.Build.0 = Debug|Any CPU
		{29005BE9-2318-413F-AFC0-9B377532D426}.Release|Any CPU.ActiveCfg = Release|Any CPU
		{29005BE9-2318-413F-AFC0-9B377532D426}.Release|Any CPU.Build.0 = Release|Any CPU
	EndGlobalSection
	GlobalSection(SolutionProperties) = preSolution
		HideSolutionNode = FALSE
	EndGlobalSection
	GlobalSection(NestedProjects) = preSolution
		{101B7015-CE7E-4E66-89E5-374097421A20} = {02EA681E-C7D8-13C7-8484-4AC65E1B71E8}
		{758576E1-87D3-4EA2-8157-6A6D64856EC8} = {02EA681E-C7D8-13C7-8484-4AC65E1B71E8}
		{29005BE9-2318-413F-AFC0-9B377532D426} = {02EA681E-C7D8-13C7-8484-4AC65E1B71E8}
	EndGlobalSection
	GlobalSection(ExtensibilityGlobals) = postSolution
		SolutionGuid = {CFE5C6FB-4117-4D09-BC74-6DDAC8253BA9}
	EndGlobalSection
EndGlobal
